
Microsoft Visual Studio Solution File, Format Version 12.00
Project("{FAE04EC0-301F-11D3-BF4B-00C04F79EFBC}") = "RunGroupWebApp", "RunGroupWebApp\RunGroupWebApp.csproj", "{66D95CE5-3825-417C-9A39-D9C32E13ABBD}"
EndProject
Global
	GlobalSection(SolutionConfigurationPlatforms) = preSolution
		Debug|Any CPU = Debug|Any CPU
		Release|Any CPU = Release|Any CPU
	EndGlobalSection
	GlobalSection(ProjectConfigurationPlatforms) = postSolution
		{66D95CE5-3825-417C-9A39-D9C32E13ABBD}.Debug|Any CPU.ActiveCfg = Debug|Any CPU
		{66D95CE5-3825-417C-9A39-D9C32E13ABBD}.Debug|Any CPU.Build.0 = Debug|Any CPU
		{66D95CE5-3825-417C-9A39-D9C32E13ABBD}.Release|Any CPU.ActiveCfg = Release|Any CPU
		{66D95CE5-3825-417C-9A39-D9C32E13ABBD}.Release|Any CPU.Build.0 = Release|Any CPU
	EndGlobalSection
EndGlobal
